
Microsoft Visual Studio Solution File, Format Version 12.00
# Visual Studio Version 16
VisualStudioVersion = 16.0.29230.47
MinimumVisualStudioVersion = 10.0.40219.1
Project("{FAE04EC0-301F-11D3-BF4B-00C04F79EFBC}") = "InformationSecurity_GR1", "InformationSecurity_GR1\InformationSecurity_GR1.csproj", "{DBF566A8-B0AD-4269-853B-1A6F6ECDFF9D}"
EndProject
Project("{54435603-DBB4-11D2-8724-00A0C9A8B90C}") = "Information Security Setup", "Information Security Setup\Information Security Setup.vdproj", "{173D40A1-E791-413F-BE1C-E4BFE8AF1274}"
EndProject
Global
	GlobalSection(SolutionConfigurationPlatforms) = preSolution
		Debug|Any CPU = Debug|Any CPU
		Release|Any CPU = Release|Any CPU
	EndGlobalSection
	GlobalSection(ProjectConfigurationPlatforms) = postSolution
		{DBF566A8-B0AD-4269-853B-1A6F6ECDFF9D}.Debug|Any CPU.ActiveCfg = Debug|Any CPU
		{DBF566A8-B0AD-4269-853B-1A6F6ECDFF9D}.Debug|Any CPU.Build.0 = Debug|Any CPU
		{DBF566A8-B0AD-4269-853B-1A6F6ECDFF9D}.Release|Any CPU.ActiveCfg = Release|Any CPU
		{DBF566A8-B0AD-4269-853B-1A6F6ECDFF9D}.Release|Any CPU.Build.0 = Release|Any CPU
		{173D40A1-E791-413F-BE1C-E4BFE8AF1274}.Debug|Any CPU.ActiveCfg = Debug
		{173D40A1-E791-413F-BE1C-E4BFE8AF1274}.Release|Any CPU.ActiveCfg = Release
	EndGlobalSection
	GlobalSection(SolutionProperties) = preSolution
		HideSolutionNode = FALSE
	EndGlobalSection
	GlobalSection(ExtensibilityGlobals) = postSolution
		SolutionGuid = {D13A1A34-30F3-48B7-8B9C-63A7AFFBC52B}
	EndGlobalSection
EndGlobal
